{
  "name": "restaurant-reservation",
  "version": "1.0.0",
  "lockfileVersion": 1,
  "requires": true,
  "dependencies": {
    "@types/lazy.js": {
      "version": "0.3.28",
      "resolved": "https://registry.npmjs.org/@types/lazy.js/-/lazy.js-0.3.28.tgz",
      "integrity": "sha1-8OoM9F6NKOc4V7Gsud9c/BapfsU=",
      "dev": true
    },
    "@types/lodash": {
      "version": "4.14.72",
      "resolved": "https://registry.npmjs.org/@types/lodash/-/lodash-4.14.72.tgz",
      "integrity": "sha512-dkP0sYfet4QlzJkL9gWf+ZxEsYwuhqLtkthzzQzPOpb5pDpiwL7gf3Kfgh/Lp1KQeAAq9AjjlE0eZjr22T/w2A==",
      "dev": true
    },
    "@types/rx": {
      "version": "4.1.1",
      "resolved": "https://registry.npmjs.org/@types/rx/-/rx-4.1.1.tgz",
      "integrity": "sha1-WY/JSla67ZdfGUV04PVy/Y5iekg=",
      "dev": true,
      "requires": {
        "@types/rx-core": "4.0.3",
        "@types/rx-core-binding": "4.0.4",
        "@types/rx-lite": "4.0.4",
        "@types/rx-lite-aggregates": "4.0.3",
        "@types/rx-lite-async": "4.0.2",
        "@types/rx-lite-backpressure": "4.0.3",
        "@types/rx-lite-coincidence": "4.0.3",
        "@types/rx-lite-experimental": "4.0.1",
        "@types/rx-lite-joinpatterns": "4.0.1",
        "@types/rx-lite-testing": "4.0.1",
        "@types/rx-lite-time": "4.0.3",
        "@types/rx-lite-virtualtime": "4.0.3"
      }
    },
    "@types/rx-core": {
      "version": "4.0.3",
      "resolved": "https://registry.npmjs.org/@types/rx-core/-/rx-core-4.0.3.tgz",
      "integrity": "sha1-CzNUsSOM7b4rdPYybxOdvHpZHWA=",
      "dev": true
    },
    "@types/rx-core-binding": {
      "version": "4.0.4",
      "resolved": "https://registry.npmjs.org/@types/rx-core-binding/-/rx-core-binding-4.0.4.tgz",
      "integrity": "sha512-5pkfxnC4w810LqBPUwP5bg7SFR/USwhMSaAeZQQbEHeBp57pjKXRlXmqpMrLJB4y1oglR/c2502853uN0I+DAQ==",
      "dev": true,
      "requires": {
        "@types/rx-core": "4.0.3"
      }
    },
    "@types/rx-lite": {
      "version": "4.0.4",
      "resolved": "https://registry.npmjs.org/@types/rx-lite/-/rx-lite-4.0.4.tgz",
      "integrity": "sha1-cQ6/idCi1ZbCEEfZGxJCvO9Rwws=",
      "dev": true,
      "requires": {
        "@types/rx-core": "4.0.3",
        "@types/rx-core-binding": "4.0.4"
      }
    },
    "@types/rx-lite-aggregates": {
      "version": "4.0.3",
      "resolved": "https://registry.npmjs.org/@types/rx-lite-aggregates/-/rx-lite-aggregates-4.0.3.tgz",
      "integrity": "sha512-MAGDAHy8cRatm94FDduhJF+iNS5//jrZ/PIfm+QYw9OCeDgbymFHChM8YVIvN2zArwsRftKgE33QfRWvQk4DPg==",
      "dev": true,
      "requires": {
        "@types/rx-lite": "4.0.4"
      }
    },
    "@types/rx-lite-async": {
      "version": "4.0.2",
      "resolved": "https://registry.npmjs.org/@types/rx-lite-async/-/rx-lite-async-4.0.2.tgz",
      "integrity": "sha512-vTEv5o8l6702ZwfAM5aOeVDfUwBSDOs+ARoGmWAKQ6LOInQ8J4/zjM7ov12fuTpktUKdMQjkeCp07Vd73mPkxw==",
      "dev": true,
      "requires": {
        "@types/rx-lite": "4.0.4"
      }
    },
    "@types/rx-lite-backpressure": {
      "version": "4.0.3",
      "resolved": "https://registry.npmjs.org/@types/rx-lite-backpressure/-/rx-lite-backpressure-4.0.3.tgz",
      "integrity": "sha512-Y6aIeQCtNban5XSAF4B8dffhIKu6aAy/TXFlScHzSxh6ivfQBQw6UjxyEJxIOt3IT49YkS+siuayM2H/Q0cmgA==",
      "dev": true,
      "requires": {
        "@types/rx-lite": "4.0.4"
      }
    },
    "@types/rx-lite-coincidence": {
      "version": "4.0.3",
      "resolved": "https://registry.npmjs.org/@types/rx-lite-coincidence/-/rx-lite-coincidence-4.0.3.tgz",
      "integrity": "sha512-1VNJqzE9gALUyMGypDXZZXzR0Tt7LC9DdAZQ3Ou/Q0MubNU35agVUNXKGHKpNTba+fr8GdIdkC26bRDqtCQBeQ==",
      "dev": true,
      "requires": {
        "@types/rx-lite": "4.0.4"
      }
    },
    "@types/rx-lite-experimental": {
      "version": "4.0.1",
      "resolved": "https://registry.npmjs.org/@types/rx-lite-experimental/-/rx-lite-experimental-4.0.1.tgz",
      "integrity": "sha1-xTL1y98/LBXaFt7Ykw0bKYQCPL0=",
      "dev": true,
      "requires": {
        "@types/rx-lite": "4.0.4"
      }
    },
    "@types/rx-lite-joinpatterns": {
      "version": "4.0.1",
      "resolved": "https://registry.npmjs.org/@types/rx-lite-joinpatterns/-/rx-lite-joinpatterns-4.0.1.tgz",
      "integrity": "sha1-9w/jcFGKhDLykVjMkv+1a05K/D4=",
      "dev": true,
      "requires": {
        "@types/rx-lite": "4.0.4"
      }
    },
    "@types/rx-lite-testing": {
      "version": "4.0.1",
      "resolved": "https://registry.npmjs.org/@types/rx-lite-testing/-/rx-lite-testing-4.0.1.tgz",
      "integrity": "sha1-IbGdEfTf1v/vWp0WSOnIh5v+Iek=",
      "dev": true,
      "requires": {
        "@types/rx-lite-virtualtime": "4.0.3"
      }
    },
    "@types/rx-lite-time": {
      "version": "4.0.3",
      "resolved": "https://registry.npmjs.org/@types/rx-lite-time/-/rx-lite-time-4.0.3.tgz",
      "integrity": "sha512-ukO5sPKDRwCGWRZRqPlaAU0SKVxmWwSjiOrLhoQDoWxZWg6vyB9XLEZViKOzIO6LnTIQBlk4UylYV0rnhJLxQw==",
      "dev": true,
      "requires": {
        "@types/rx-lite": "4.0.4"
      }
    },
    "@types/rx-lite-virtualtime": {
      "version": "4.0.3",
      "resolved": "https://registry.npmjs.org/@types/rx-lite-virtualtime/-/rx-lite-virtualtime-4.0.3.tgz",
      "integrity": "sha512-3uC6sGmjpOKatZSVHI2xB1+dedgml669ZRvqxy+WqmGJDVusOdyxcKfyzjW0P3/GrCiN4nmRkLVMhPwHCc5QLg==",
      "dev": true,
      "requires": {
        "@types/rx-lite": "4.0.4"
      }
    },
    "lazy.js": {
      "version": "0.5.0",
      "resolved": "https://registry.npmjs.org/lazy.js/-/lazy.js-0.5.0.tgz",
      "integrity": "sha1-2KAr4TWAb8u815mVE9i2+vmFdVA="
    },
    "lodash": {
      "version": "4.17.4",
      "resolved": "https://registry.npmjs.org/lodash/-/lodash-4.17.4.tgz",
      "integrity": "sha1-eCA6TRwyiuHYbcpkYONptX9AVa4="
    },
    "mori": {
      "version": "0.3.2",
      "resolved": "https://registry.npmjs.org/mori/-/mori-0.3.2.tgz",
      "integrity": "sha1-GlPaFlKH877wyrYjmMSTG+zoCj8="
    },
    "rx": {
      "version": "4.1.0",
      "resolved": "https://registry.npmjs.org/rx/-/rx-4.1.0.tgz",
      "integrity": "sha1-pfE/957zt0D+MKqAP7CfmIBdR4I="
    }
  }
}
